
Microsoft Visual Studio Solution File, Format Version 12.00
# Visual Studio Version 16
VisualStudioVersion = 16.0.29418.71
MinimumVisualStudioVersion = 10.0.40219.1
Project("{9A19103F-16F7-4668-BE54-9A1E7A4F7556}") = "V1_Ems_.NETCore_MVC_InMemory", "V1_Ems_.NETCore_MVC_InMemory\V1_Ems_.NETCore_MVC_InMemory.csproj", "{467FABDB-0B9D-4CA0-BB55-2CF7D4A664C4}"
EndProject
Project("{FAE04EC0-301F-11D3-BF4B-00C04F79EFBC}") = "V2_EMS_MVC_RepoPattern_InMemory", "V2_EMS_MVC_RepoPattern_InMemory\V2_EMS_MVC_RepoPattern_InMemory.csproj", "{5D1402AC-E52F-4FB2-871F-55979A2B6F54}"
EndProject
Project("{FAE04EC0-301F-11D3-BF4B-00C04F79EFBC}") = "MovieDatabaseFirst", "MovieDatabaseFirst\MovieDatabaseFirst.csproj", "{875F03A5-C00C-4982-BBBA-D14F1AF25436}"
EndProject
Project("{FAE04EC0-301F-11D3-BF4B-00C04F79EFBC}") = "V3_Movie_MVC_RepoPattern_EF_CodeFirst_Identity", "V3_Movie_MVC_RepoPattern_EF_CodeFirst_Identity\V3_Movie_MVC_RepoPattern_EF_CodeFirst_Identity.csproj", "{75FCC9D1-5D81-4414-81D0-CFC04CC82287}"
EndProject
Global
	GlobalSection(SolutionConfigurationPlatforms) = preSolution
		Debug|Any CPU = Debug|Any CPU
		Release|Any CPU = Release|Any CPU
	EndGlobalSection
	GlobalSection(ProjectConfigurationPlatforms) = postSolution
		{467FABDB-0B9D-4CA0-BB55-2CF7D4A664C4}.Debug|Any CPU.ActiveCfg = Debug|Any CPU
		{467FABDB-0B9D-4CA0-BB55-2CF7D4A664C4}.Debug|Any CPU.Build.0 = Debug|Any CPU
		{467FABDB-0B9D-4CA0-BB55-2CF7D4A664C4}.Release|Any CPU.ActiveCfg = Release|Any CPU
		{467FABDB-0B9D-4CA0-BB55-2CF7D4A664C4}.Release|Any CPU.Build.0 = Release|Any CPU
		{5D1402AC-E52F-4FB2-871F-55979A2B6F54}.Debug|Any CPU.ActiveCfg = Debug|Any CPU
		{5D1402AC-E52F-4FB2-871F-55979A2B6F54}.Debug|Any CPU.Build.0 = Debug|Any CPU
		{5D1402AC-E52F-4FB2-871F-55979A2B6F54}.Release|Any CPU.ActiveCfg = Release|Any CPU
		{5D1402AC-E52F-4FB2-871F-55979A2B6F54}.Release|Any CPU.Build.0 = Release|Any CPU
		{875F03A5-C00C-4982-BBBA-D14F1AF25436}.Debug|Any CPU.ActiveCfg = Debug|Any CPU
		{875F03A5-C00C-4982-BBBA-D14F1AF25436}.Debug|Any CPU.Build.0 = Debug|Any CPU
		{875F03A5-C00C-4982-BBBA-D14F1AF25436}.Release|Any CPU.ActiveCfg = Release|Any CPU
		{875F03A5-C00C-4982-BBBA-D14F1AF25436}.Release|Any CPU.Build.0 = Release|Any CPU
		{75FCC9D1-5D81-4414-81D0-CFC04CC82287}.Debug|Any CPU.ActiveCfg = Debug|Any CPU
		{75FCC9D1-5D81-4414-81D0-CFC04CC82287}.Debug|Any CPU.Build.0 = Debug|Any CPU
		{75FCC9D1-5D81-4414-81D0-CFC04CC82287}.Release|Any CPU.ActiveCfg = Release|Any CPU
		{75FCC9D1-5D81-4414-81D0-CFC04CC82287}.Release|Any CPU.Build.0 = Release|Any CPU
	EndGlobalSection
	GlobalSection(SolutionProperties) = preSolution
		HideSolutionNode = FALSE
	EndGlobalSection
	GlobalSection(ExtensibilityGlobals) = postSolution
		SolutionGuid = {1FEADEF7-0915-4882-B3E5-044CD99FC492}
	EndGlobalSection
EndGlobal
